
Microsoft Visual Studio Solution File, Format Version 12.00
# Visual Studio 15
VisualStudioVersion = 15.0.27004.2005
MinimumVisualStudioVersion = 15.0.26124.0
Project("{FAE04EC0-301F-11D3-BF4B-00C04F79EFBC}") = "Armadillo.Core", "Armadillo.Core\Armadillo.Core.csproj", "{8757BD9F-F695-49C6-918E-42BCF7B3E460}"
EndProject
Project("{FAE04EC0-301F-11D3-BF4B-00C04F79EFBC}") = "DoogleMaps", "GoogleMaps\DoogleMaps.csproj", "{E644EDB1-9DC6-458E-A063-02F256EE9EBB}"
EndProject
Project("{FAE04EC0-301F-11D3-BF4B-00C04F79EFBC}") = "SayIt", "SayIt\SayIt.csproj", "{3FEDEF9E-5D9A-4158-BFDD-17BA7CFE7A3F}"
EndProject
Project("{FAE04EC0-301F-11D3-BF4B-00C04F79EFBC}") = "Controls", "Controls\Controls.csproj", "{8544198C-B3C6-4958-84AA-FE0F4243A52F}"
EndProject
Project("{FAE04EC0-301F-11D3-BF4B-00C04F79EFBC}") = "Checkers", "Checkers\Checkers.csproj", "{5DFA3DBB-CF73-4CB2-8E2D-C881103EBFD5}"
EndProject
Global
	GlobalSection(SolutionConfigurationPlatforms) = preSolution
		Debug|Any CPU = Debug|Any CPU
		Release|Any CPU = Release|Any CPU
	EndGlobalSection
	GlobalSection(ProjectConfigurationPlatforms) = postSolution
		{8757BD9F-F695-49C6-918E-42BCF7B3E460}.Debug|Any CPU.ActiveCfg = Debug|Any CPU
		{8757BD9F-F695-49C6-918E-42BCF7B3E460}.Debug|Any CPU.Build.0 = Debug|Any CPU
		{8757BD9F-F695-49C6-918E-42BCF7B3E460}.Release|Any CPU.ActiveCfg = Release|Any CPU
		{8757BD9F-F695-49C6-918E-42BCF7B3E460}.Release|Any CPU.Build.0 = Release|Any CPU
		{E644EDB1-9DC6-458E-A063-02F256EE9EBB}.Debug|Any CPU.ActiveCfg = Debug|Any CPU
		{E644EDB1-9DC6-458E-A063-02F256EE9EBB}.Debug|Any CPU.Build.0 = Debug|Any CPU
		{E644EDB1-9DC6-458E-A063-02F256EE9EBB}.Release|Any CPU.ActiveCfg = Release|Any CPU
		{E644EDB1-9DC6-458E-A063-02F256EE9EBB}.Release|Any CPU.Build.0 = Release|Any CPU
		{3FEDEF9E-5D9A-4158-BFDD-17BA7CFE7A3F}.Debug|Any CPU.ActiveCfg = Debug|Any CPU
		{3FEDEF9E-5D9A-4158-BFDD-17BA7CFE7A3F}.Debug|Any CPU.Build.0 = Debug|Any CPU
		{3FEDEF9E-5D9A-4158-BFDD-17BA7CFE7A3F}.Release|Any CPU.ActiveCfg = Release|Any CPU
		{3FEDEF9E-5D9A-4158-BFDD-17BA7CFE7A3F}.Release|Any CPU.Build.0 = Release|Any CPU
		{8544198C-B3C6-4958-84AA-FE0F4243A52F}.Debug|Any CPU.ActiveCfg = Debug|Any CPU
		{8544198C-B3C6-4958-84AA-FE0F4243A52F}.Debug|Any CPU.Build.0 = Debug|Any CPU
		{8544198C-B3C6-4958-84AA-FE0F4243A52F}.Release|Any CPU.ActiveCfg = Release|Any CPU
		{8544198C-B3C6-4958-84AA-FE0F4243A52F}.Release|Any CPU.Build.0 = Release|Any CPU
		{5DFA3DBB-CF73-4CB2-8E2D-C881103EBFD5}.Debug|Any CPU.ActiveCfg = Debug|Any CPU
		{5DFA3DBB-CF73-4CB2-8E2D-C881103EBFD5}.Debug|Any CPU.Build.0 = Debug|Any CPU
		{5DFA3DBB-CF73-4CB2-8E2D-C881103EBFD5}.Release|Any CPU.ActiveCfg = Release|Any CPU
		{5DFA3DBB-CF73-4CB2-8E2D-C881103EBFD5}.Release|Any CPU.Build.0 = Release|Any CPU
	EndGlobalSection
	GlobalSection(SolutionProperties) = preSolution
		HideSolutionNode = FALSE
	EndGlobalSection
	GlobalSection(ExtensibilityGlobals) = postSolution
		SolutionGuid = {DA10D2DC-6131-4A07-8B87-56BBE9567489}
	EndGlobalSection
EndGlobal
